
Microsoft Visual Studio Solution File, Format Version 12.00
# Visual Studio Version 16
VisualStudioVersion = 16.0.29905.134
MinimumVisualStudioVersion = 10.0.40219.1
Project("{FAE04EC0-301F-11D3-BF4B-00C04F79EFBC}") = "MyStackAndQueueProject", "MyStackAndQueueProject.csproj", "{FA15D80B-5CE7-4B25-94E3-80C4E57D7E98}"
EndProject
Global
	GlobalSection(SolutionConfigurationPlatforms) = preSolution
		Debug|Any CPU = Debug|Any CPU
		Release|Any CPU = Release|Any CPU
	EndGlobalSection
	GlobalSection(ProjectConfigurationPlatforms) = postSolution
		{FA15D80B-5CE7-4B25-94E3-80C4E57D7E98}.Debug|Any CPU.ActiveCfg = Debug|Any CPU
		{FA15D80B-5CE7-4B25-94E3-80C4E57D7E98}.Debug|Any CPU.Build.0 = Debug|Any CPU
		{FA15D80B-5CE7-4B25-94E3-80C4E57D7E98}.Release|Any CPU.ActiveCfg = Release|Any CPU
		{FA15D80B-5CE7-4B25-94E3-80C4E57D7E98}.Release|Any CPU.Build.0 = Release|Any CPU
	EndGlobalSection
	GlobalSection(SolutionProperties) = preSolution
		HideSolutionNode = FALSE
	EndGlobalSection
	GlobalSection(ExtensibilityGlobals) = postSolution
		SolutionGuid = {06A79985-A49B-472B-A847-72D4C0F181E6}
	EndGlobalSection
EndGlobal
